
Microsoft Visual Studio Solution File, Format Version 12.00
# Visual Studio Version 17
VisualStudioVersion = 17.0.31903.59
MinimumVisualStudioVersion = 10.0.40219.1
Project("{2150E333-8FDC-42A3-9474-1A3956D46DE8}") = "src", "src", "{827E0CD3-B72D-47B6-A68D-7590B98EB39B}"
EndProject
Project("{2150E333-8FDC-42A3-9474-1A3956D46DE8}") = "BuildingBlocks", "BuildingBlocks", "{90298CBA-BD6F-3A0A-69D5-97CAD7B05E7E}"
EndProject
Project("{FAE04EC0-301F-11D3-BF4B-00C04F79EFBC}") = "BaseComum", "src\Shared\BaseComum\BaseComum.csproj", "{D464E15A-B14D-47DB-8BB6-19BB85B09508}"
EndProject
Project("{FAE04EC0-301F-11D3-BF4B-00C04F79EFBC}") = "Messaging", "src\BuildingBlocks\Messaging\Messaging.csproj", "{6694DEDA-B601-49D1-A375-7ED33F574960}"
EndProject
Project("{FAE04EC0-301F-11D3-BF4B-00C04F79EFBC}") = "PropostaService.Domain", "src\PropostaService\PropostaService.Domain\PropostaService.Domain.csproj", "{D23B6981-E591-4E41-B038-C33B64D2A141}"
EndProject
Project("{FAE04EC0-301F-11D3-BF4B-00C04F79EFBC}") = "PropostaService.Application", "src\PropostaService\PropostaService.Application\PropostaService.Application.csproj", "{BC1340C6-FA80-48F0-BAFC-D900DB075467}"
EndProject
Project("{FAE04EC0-301F-11D3-BF4B-00C04F79EFBC}") = "PropostaService.Infrastructure", "src\PropostaService\PropostaService.Infrastructure\PropostaService.Infrastructure.csproj", "{172C80B3-03CE-4295-99C7-4156F0B2B191}"
EndProject
Project("{FAE04EC0-301F-11D3-BF4B-00C04F79EFBC}") = "PropostaService.Api", "src\PropostaService\PropostaService.Api\PropostaService.Api.csproj", "{462B625D-71C1-4AB8-93DD-2B1DF7D8E74B}"
EndProject
Project("{FAE04EC0-301F-11D3-BF4B-00C04F79EFBC}") = "ContratacaoService.Domain", "src\ContratacaoService\ContratacaoService.Domain\ContratacaoService.Domain.csproj", "{FDB7B1F6-A4D0-42BE-81EE-3D9B826CE133}"
EndProject
Project("{FAE04EC0-301F-11D3-BF4B-00C04F79EFBC}") = "ContratacaoService.Application", "src\ContratacaoService\ContratacaoService.Application\ContratacaoService.Application.csproj", "{DEF001F2-6FB0-40ED-BFC1-1E452378E371}"
EndProject
Project("{FAE04EC0-301F-11D3-BF4B-00C04F79EFBC}") = "ContratacaoService.Infrastructure", "src\ContratacaoService\ContratacaoService.Infrastructure\ContratacaoService.Infrastructure.csproj", "{733459D5-A5B0-465D-9BE0-900DB5C84D87}"
EndProject
Project("{FAE04EC0-301F-11D3-BF4B-00C04F79EFBC}") = "ContratacaoService.Api", "src\ContratacaoService\ContratacaoService.Api\ContratacaoService.Api.csproj", "{9ECE8E27-8951-4340-ADA0-C0EBEACCF7EC}"
EndProject
Project("{FAE04EC0-301F-11D3-BF4B-00C04F79EFBC}") = "PropostaService.Tests", "tests\Propostas\PropostaService.Tests\PropostaService.Tests.csproj", "{410ABE71-704F-4F23-90E3-6A52296EDED2}"
EndProject
Project("{FAE04EC0-301F-11D3-BF4B-00C04F79EFBC}") = "ContratacaoService.Tests", "tests\Contratacao\ContratacaoService.Tests\ContratacaoService.Tests.csproj", "{C3580BE0-5A00-4AB8-80D9-9D79BAF621B0}"
EndProject
Global
	GlobalSection(SolutionConfigurationPlatforms) = preSolution
		Debug|Any CPU = Debug|Any CPU
		Debug|x64 = Debug|x64
		Debug|x86 = Debug|x86
		Release|Any CPU = Release|Any CPU
		Release|x64 = Release|x64
		Release|x86 = Release|x86
	EndGlobalSection
	GlobalSection(ProjectConfigurationPlatforms) = postSolution
		{D464E15A-B14D-47DB-8BB6-19BB85B09508}.Debug|Any CPU.ActiveCfg = Debug|Any CPU
		{D464E15A-B14D-47DB-8BB6-19BB85B09508}.Debug|Any CPU.Build.0 = Debug|Any CPU
		{D464E15A-B14D-47DB-8BB6-19BB85B09508}.Debug|x64.ActiveCfg = Debug|Any CPU
		{D464E15A-B14D-47DB-8BB6-19BB85B09508}.Debug|x64.Build.0 = Debug|Any CPU
		{D464E15A-B14D-47DB-8BB6-19BB85B09508}.Debug|x86.ActiveCfg = Debug|Any CPU
		{D464E15A-B14D-47DB-8BB6-19BB85B09508}.Debug|x86.Build.0 = Debug|Any CPU
		{D464E15A-B14D-47DB-8BB6-19BB85B09508}.Release|Any CPU.ActiveCfg = Release|Any CPU
		{D464E15A-B14D-47DB-8BB6-19BB85B09508}.Release|Any CPU.Build.0 = Release|Any CPU
		{D464E15A-B14D-47DB-8BB6-19BB85B09508}.Release|x64.ActiveCfg = Release|Any CPU
		{D464E15A-B14D-47DB-8BB6-19BB85B09508}.Release|x64.Build.0 = Release|Any CPU
		{D464E15A-B14D-47DB-8BB6-19BB85B09508}.Release|x86.ActiveCfg = Release|Any CPU
		{D464E15A-B14D-47DB-8BB6-19BB85B09508}.Release|x86.Build.0 = Release|Any CPU
		{6694DEDA-B601-49D1-A375-7ED33F574960}.Debug|Any CPU.ActiveCfg = Debug|Any CPU
		{6694DEDA-B601-49D1-A375-7ED33F574960}.Debug|Any CPU.Build.0 = Debug|Any CPU
		{6694DEDA-B601-49D1-A375-7ED33F574960}.Debug|x64.ActiveCfg = Debug|Any CPU
		{6694DEDA-B601-49D1-A375-7ED33F574960}.Debug|x64.Build.0 = Debug|Any CPU
		{6694DEDA-B601-49D1-A375-7ED33F574960}.Debug|x86.ActiveCfg = Debug|Any CPU
		{6694DEDA-B601-49D1-A375-7ED33F574960}.Debug|x86.Build.0 = Debug|Any CPU
		{6694DEDA-B601-49D1-A375-7ED33F574960}.Release|Any CPU.ActiveCfg = Release|Any CPU
		{6694DEDA-B601-49D1-A375-7ED33F574960}.Release|Any CPU.Build.0 = Release|Any CPU
		{6694DEDA-B601-49D1-A375-7ED33F574960}.Release|x64.ActiveCfg = Release|Any CPU
		{6694DEDA-B601-49D1-A375-7ED33F574960}.Release|x64.Build.0 = Release|Any CPU
		{6694DEDA-B601-49D1-A375-7ED33F574960}.Release|x86.ActiveCfg = Release|Any CPU
		{6694DEDA-B601-49D1-A375-7ED33F574960}.Release|x86.Build.0 = Release|Any CPU
		{D23B6981-E591-4E41-B038-C33B64D2A141}.Debug|Any CPU.ActiveCfg = Debug|Any CPU
		{D23B6981-E591-4E41-B038-C33B64D2A141}.Debug|Any CPU.Build.0 = Debug|Any CPU
		{D23B6981-E591-4E41-B038-C33B64D2A141}.Debug|x64.ActiveCfg = Debug|Any CPU
		{D23B6981-E591-4E41-B038-C33B64D2A141}.Debug|x64.Build.0 = Debug|Any CPU
		{D23B6981-E591-4E41-B038-C33B64D2A141}.Debug|x86.ActiveCfg = Debug|Any CPU
		{D23B6981-E591-4E41-B038-C33B64D2A141}.Debug|x86.Build.0 = Debug|Any CPU
		{D23B6981-E591-4E41-B038-C33B64D2A141}.Release|Any CPU.ActiveCfg = Release|Any CPU
		{D23B6981-E591-4E41-B038-C33B64D2A141}.Release|Any CPU.Build.0 = Release|Any CPU
		{D23B6981-E591-4E41-B038-C33B64D2A141}.Release|x64.ActiveCfg = Release|Any CPU
		{D23B6981-E591-4E41-B038-C33B64D2A141}.Release|x64.Build.0 = Release|Any CPU
		{D23B6981-E591-4E41-B038-C33B64D2A141}.Release|x86.ActiveCfg = Release|Any CPU
		{D23B6981-E591-4E41-B038-C33B64D2A141}.Release|x86.Build.0 = Release|Any CPU
		{BC1340C6-FA80-48F0-BAFC-D900DB075467}.Debug|Any CPU.ActiveCfg = Debug|Any CPU
		{BC1340C6-FA80-48F0-BAFC-D900DB075467}.Debug|Any CPU.Build.0 = Debug|Any CPU
		{BC1340C6-FA80-48F0-BAFC-D900DB075467}.Debug|x64.ActiveCfg = Debug|Any CPU
		{BC1340C6-FA80-48F0-BAFC-D900DB075467}.Debug|x64.Build.0 = Debug|Any CPU
		{BC1340C6-FA80-48F0-BAFC-D900DB075467}.Debug|x86.ActiveCfg = Debug|Any CPU
		{BC1340C6-FA80-48F0-BAFC-D900DB075467}.Debug|x86.Build.0 = Debug|Any CPU
		{BC1340C6-FA80-48F0-BAFC-D900DB075467}.Release|Any CPU.ActiveCfg = Release|Any CPU
		{BC1340C6-FA80-48F0-BAFC-D900DB075467}.Release|Any CPU.Build.0 = Release|Any CPU
		{BC1340C6-FA80-48F0-BAFC-D900DB075467}.Release|x64.ActiveCfg = Release|Any CPU
		{BC1340C6-FA80-48F0-BAFC-D900DB075467}.Release|x64.Build.0 = Release|Any CPU
		{BC1340C6-FA80-48F0-BAFC-D900DB075467}.Release|x86.ActiveCfg = Release|Any CPU
		{BC1340C6-FA80-48F0-BAFC-D900DB075467}.Release|x86.Build.0 = Release|Any CPU
		{172C80B3-03CE-4295-99C7-4156F0B2B191}.Debug|Any CPU.ActiveCfg = Debug|Any CPU
		{172C80B3-03CE-4295-99C7-4156F0B2B191}.Debug|Any CPU.Build.0 = Debug|Any CPU
		{172C80B3-03CE-4295-99C7-4156F0B2B191}.Debug|x64.ActiveCfg = Debug|Any CPU
		{172C80B3-03CE-4295-99C7-4156F0B2B191}.Debug|x64.Build.0 = Debug|Any CPU
		{172C80B3-03CE-4295-99C7-4156F0B2B191}.Debug|x86.ActiveCfg = Debug|Any CPU
		{172C80B3-03CE-4295-99C7-4156F0B2B191}.Debug|x86.Build.0 = Debug|Any CPU
		{172C80B3-03CE-4295-99C7-4156F0B2B191}.Release|Any CPU.ActiveCfg = Release|Any CPU
		{172C80B3-03CE-4295-99C7-4156F0B2B191}.Release|Any CPU.Build.0 = Release|Any CPU
		{172C80B3-03CE-4295-99C7-4156F0B2B191}.Release|x64.ActiveCfg = Release|Any CPU
		{172C80B3-03CE-4295-99C7-4156F0B2B191}.Release|x64.Build.0 = Release|Any CPU
		{172C80B3-03CE-4295-99C7-4156F0B2B191}.Release|x86.ActiveCfg = Release|Any CPU
		{172C80B3-03CE-4295-99C7-4156F0B2B191}.Release|x86.Build.0 = Release|Any CPU
		{462B625D-71C1-4AB8-93DD-2B1DF7D8E74B}.Debug|Any CPU.ActiveCfg = Debug|Any CPU
		{462B625D-71C1-4AB8-93DD-2B1DF7D8E74B}.Debug|Any CPU.Build.0 = Debug|Any CPU
		{462B625D-71C1-4AB8-93DD-2B1DF7D8E74B}.Debug|x64.ActiveCfg = Debug|Any CPU
		{462B625D-71C1-4AB8-93DD-2B1DF7D8E74B}.Debug|x64.Build.0 = Debug|Any CPU
		{462B625D-71C1-4AB8-93DD-2B1DF7D8E74B}.Debug|x86.ActiveCfg = Debug|Any CPU
		{462B625D-71C1-4AB8-93DD-2B1DF7D8E74B}.Debug|x86.Build.0 = Debug|Any CPU
		{462B625D-71C1-4AB8-93DD-2B1DF7D8E74B}.Release|Any CPU.ActiveCfg = Release|Any CPU
		{462B625D-71C1-4AB8-93DD-2B1DF7D8E74B}.Release|Any CPU.Build.0 = Release|Any CPU
		{462B625D-71C1-4AB8-93DD-2B1DF7D8E74B}.Release|x64.ActiveCfg = Release|Any CPU
		{462B625D-71C1-4AB8-93DD-2B1DF7D8E74B}.Release|x64.Build.0 = Release|Any CPU
		{462B625D-71C1-4AB8-93DD-2B1DF7D8E74B}.Release|x86.ActiveCfg = Release|Any CPU
		{462B625D-71C1-4AB8-93DD-2B1DF7D8E74B}.Release|x86.Build.0 = Release|Any CPU
		{FDB7B1F6-A4D0-42BE-81EE-3D9B826CE133}.Debug|Any CPU.ActiveCfg = Debug|Any CPU
		{FDB7B1F6-A4D0-42BE-81EE-3D9B826CE133}.Debug|Any CPU.Build.0 = Debug|Any CPU
		{FDB7B1F6-A4D0-42BE-81EE-3D9B826CE133}.Debug|x64.ActiveCfg = Debug|Any CPU
		{FDB7B1F6-A4D0-42BE-81EE-3D9B826CE133}.Debug|x64.Build.0 = Debug|Any CPU
		{FDB7B1F6-A4D0-42BE-81EE-3D9B826CE133}.Debug|x86.ActiveCfg = Debug|Any CPU
		{FDB7B1F6-A4D0-42BE-81EE-3D9B826CE133}.Debug|x86.Build.0 = Debug|Any CPU
		{FDB7B1F6-A4D0-42BE-81EE-3D9B826CE133}.Release|Any CPU.ActiveCfg = Release|Any CPU
		{FDB7B1F6-A4D0-42BE-81EE-3D9B826CE133}.Release|Any CPU.Build.0 = Release|Any CPU
		{FDB7B1F6-A4D0-42BE-81EE-3D9B826CE133}.Release|x64.ActiveCfg = Release|Any CPU
		{FDB7B1F6-A4D0-42BE-81EE-3D9B826CE133}.Release|x64.Build.0 = Release|Any CPU
		{FDB7B1F6-A4D0-42BE-81EE-3D9B826CE133}.Release|x86.ActiveCfg = Release|Any CPU
		{FDB7B1F6-A4D0-42BE-81EE-3D9B826CE133}.Release|x86.Build.0 = Release|Any CPU
		{DEF001F2-6FB0-40ED-BFC1-1E452378E371}.Debug|Any CPU.ActiveCfg = Debug|Any CPU
		{DEF001F2-6FB0-40ED-BFC1-1E452378E371}.Debug|Any CPU.Build.0 = Debug|Any CPU
		{DEF001F2-6FB0-40ED-BFC1-1E452378E371}.Debug|x64.ActiveCfg = Debug|Any CPU
		{DEF001F2-6FB0-40ED-BFC1-1E452378E371}.Debug|x64.Build.0 = Debug|Any CPU
		{DEF001F2-6FB0-40ED-BFC1-1E452378E371}.Debug|x86.ActiveCfg = Debug|Any CPU
		{DEF001F2-6FB0-40ED-BFC1-1E452378E371}.Debug|x86.Build.0 = Debug|Any CPU
		{DEF001F2-6FB0-40ED-BFC1-1E452378E371}.Release|Any CPU.ActiveCfg = Release|Any CPU
		{DEF001F2-6FB0-40ED-BFC1-1E452378E371}.Release|Any CPU.Build.0 = Release|Any CPU
		{DEF001F2-6FB0-40ED-BFC1-1E452378E371}.Release|x64.ActiveCfg = Release|Any CPU
		{DEF001F2-6FB0-40ED-BFC1-1E452378E371}.Release|x64.Build.0 = Release|Any CPU
		{DEF001F2-6FB0-40ED-BFC1-1E452378E371}.Release|x86.ActiveCfg = Release|Any CPU
		{DEF001F2-6FB0-40ED-BFC1-1E452378E371}.Release|x86.Build.0 = Release|Any CPU
		{733459D5-A5B0-465D-9BE0-900DB5C84D87}.Debug|Any CPU.ActiveCfg = Debug|Any CPU
		{733459D5-A5B0-465D-9BE0-900DB5C84D87}.Debug|Any CPU.Build.0 = Debug|Any CPU
		{733459D5-A5B0-465D-9BE0-900DB5C84D87}.Debug|x64.ActiveCfg = Debug|Any CPU
		{733459D5-A5B0-465D-9BE0-900DB5C84D87}.Debug|x64.Build.0 = Debug|Any CPU
		{733459D5-A5B0-465D-9BE0-900DB5C84D87}.Debug|x86.ActiveCfg = Debug|Any CPU
		{733459D5-A5B0-465D-9BE0-900DB5C84D87}.Debug|x86.Build.0 = Debug|Any CPU
		{733459D5-A5B0-465D-9BE0-900DB5C84D87}.Release|Any CPU.ActiveCfg = Release|Any CPU
		{733459D5-A5B0-465D-9BE0-900DB5C84D87}.Release|Any CPU.Build.0 = Release|Any CPU
		{733459D5-A5B0-465D-9BE0-900DB5C84D87}.Release|x64.ActiveCfg = Release|Any CPU
		{733459D5-A5B0-465D-9BE0-900DB5C84D87}.Release|x64.Build.0 = Release|Any CPU
		{733459D5-A5B0-465D-9BE0-900DB5C84D87}.Release|x86.ActiveCfg = Release|Any CPU
		{733459D5-A5B0-465D-9BE0-900DB5C84D87}.Release|x86.Build.0 = Release|Any CPU
		{9ECE8E27-8951-4340-ADA0-C0EBEACCF7EC}.Debug|Any CPU.ActiveCfg = Debug|Any CPU
		{9ECE8E27-8951-4340-ADA0-C0EBEACCF7EC}.Debug|Any CPU.Build.0 = Debug|Any CPU
		{9ECE8E27-8951-4340-ADA0-C0EBEACCF7EC}.Debug|x64.ActiveCfg = Debug|Any CPU
		{9ECE8E27-8951-4340-ADA0-C0EBEACCF7EC}.Debug|x64.Build.0 = Debug|Any CPU
		{9ECE8E27-8951-4340-ADA0-C0EBEACCF7EC}.Debug|x86.ActiveCfg = Debug|Any CPU
		{9ECE8E27-8951-4340-ADA0-C0EBEACCF7EC}.Debug|x86.Build.0 = Debug|Any CPU
		{9ECE8E27-8951-4340-ADA0-C0EBEACCF7EC}.Release|Any CPU.ActiveCfg = Release|Any CPU
		{9ECE8E27-8951-4340-ADA0-C0EBEACCF7EC}.Release|Any CPU.Build.0 = Release|Any CPU
		{9ECE8E27-8951-4340-ADA0-C0EBEACCF7EC}.Release|x64.ActiveCfg = Release|Any CPU
		{9ECE8E27-8951-4340-ADA0-C0EBEACCF7EC}.Release|x64.Build.0 = Release|Any CPU
		{9ECE8E27-8951-4340-ADA0-C0EBEACCF7EC}.Release|x86.ActiveCfg = Release|Any CPU
		{9ECE8E27-8951-4340-ADA0-C0EBEACCF7EC}.Release|x86.Build.0 = Release|Any CPU
		{410ABE71-704F-4F23-90E3-6A52296EDED2}.Debug|Any CPU.ActiveCfg = Debug|Any CPU
		{410ABE71-704F-4F23-90E3-6A52296EDED2}.Debug|Any CPU.Build.0 = Debug|Any CPU
		{410ABE71-704F-4F23-90E3-6A52296EDED2}.Debug|x64.ActiveCfg = Debug|Any CPU
		{410ABE71-704F-4F23-90E3-6A52296EDED2}.Debug|x64.Build.0 = Debug|Any CPU
		{410ABE71-704F-4F23-90E3-6A52296EDED2}.Debug|x86.ActiveCfg = Debug|Any CPU
		{410ABE71-704F-4F23-90E3-6A52296EDED2}.Debug|x86.Build.0 = Debug|Any CPU
		{410ABE71-704F-4F23-90E3-6A52296EDED2}.Release|Any CPU.ActiveCfg = Release|Any CPU
		{410ABE71-704F-4F23-90E3-6A52296EDED2}.Release|Any CPU.Build.0 = Release|Any CPU
		{410ABE71-704F-4F23-90E3-6A52296EDED2}.Release|x64.ActiveCfg = Release|Any CPU
		{410ABE71-704F-4F23-90E3-6A52296EDED2}.Release|x64.Build.0 = Release|Any CPU
		{410ABE71-704F-4F23-90E3-6A52296EDED2}.Release|x86.ActiveCfg = Release|Any CPU
		{410ABE71-704F-4F23-90E3-6A52296EDED2}.Release|x86.Build.0 = Release|Any CPU
		{C3580BE0-5A00-4AB8-80D9-9D79BAF621B0}.Debug|Any CPU.ActiveCfg = Debug|Any CPU
		{C3580BE0-5A00-4AB8-80D9-9D79BAF621B0}.Debug|Any CPU.Build.0 = Debug|Any CPU
		{C3580BE0-5A00-4AB8-80D9-9D79BAF621B0}.Debug|x64.ActiveCfg = Debug|Any CPU
		{C3580BE0-5A00-4AB8-80D9-9D79BAF621B0}.Debug|x64.Build.0 = Debug|Any CPU
		{C3580BE0-5A00-4AB8-80D9-9D79BAF621B0}.Debug|x86.ActiveCfg = Debug|Any CPU
		{C3580BE0-5A00-4AB8-80D9-9D79BAF621B0}.Debug|x86.Build.0 = Debug|Any CPU
		{C3580BE0-5A00-4AB8-80D9-9D79BAF621B0}.Release|Any CPU.ActiveCfg = Release|Any CPU
		{C3580BE0-5A00-4AB8-80D9-9D79BAF621B0}.Release|Any CPU.Build.0 = Release|Any CPU
		{C3580BE0-5A00-4AB8-80D9-9D79BAF621B0}.Release|x64.ActiveCfg = Release|Any CPU
		{C3580BE0-5A00-4AB8-80D9-9D79BAF621B0}.Release|x64.Build.0 = Release|Any CPU
		{C3580BE0-5A00-4AB8-80D9-9D79BAF621B0}.Release|x86.ActiveCfg = Release|Any CPU
		{C3580BE0-5A00-4AB8-80D9-9D79BAF621B0}.Release|x86.Build.0 = Release|Any CPU
	EndGlobalSection
	GlobalSection(SolutionProperties) = preSolution
		HideSolutionNode = FALSE
	EndGlobalSection
	GlobalSection(NestedProjects) = preSolution
		{90298CBA-BD6F-3A0A-69D5-97CAD7B05E7E} = {827E0CD3-B72D-47B6-A68D-7590B98EB39B}
		{D464E15A-B14D-47DB-8BB6-19BB85B09508} = {90298CBA-BD6F-3A0A-69D5-97CAD7B05E7E}
		{6694DEDA-B601-49D1-A375-7ED33F574960} = {90298CBA-BD6F-3A0A-69D5-97CAD7B05E7E}
		{D23B6981-E591-4E41-B038-C33B64D2A141} = {90298CBA-BD6F-3A0A-69D5-97CAD7B05E7E}
		{BC1340C6-FA80-48F0-BAFC-D900DB075467} = {90298CBA-BD6F-3A0A-69D5-97CAD7B05E7E}
		{172C80B3-03CE-4295-99C7-4156F0B2B191} = {90298CBA-BD6F-3A0A-69D5-97CAD7B05E7E}
		{462B625D-71C1-4AB8-93DD-2B1DF7D8E74B} = {90298CBA-BD6F-3A0A-69D5-97CAD7B05E7E}
		{FDB7B1F6-A4D0-42BE-81EE-3D9B826CE133} = {90298CBA-BD6F-3A0A-69D5-97CAD7B05E7E}
		{DEF001F2-6FB0-40ED-BFC1-1E452378E371} = {90298CBA-BD6F-3A0A-69D5-97CAD7B05E7E}
		{733459D5-A5B0-465D-9BE0-900DB5C84D87} = {90298CBA-BD6F-3A0A-69D5-97CAD7B05E7E}
		{9ECE8E27-8951-4340-ADA0-C0EBEACCF7EC} = {90298CBA-BD6F-3A0A-69D5-97CAD7B05E7E}
		{410ABE71-704F-4F23-90E3-6A52296EDED2} = {90298CBA-BD6F-3A0A-69D5-97CAD7B05E7E}
		{C3580BE0-5A00-4AB8-80D9-9D79BAF621B0} = {90298CBA-BD6F-3A0A-69D5-97CAD7B05E7E}
	EndGlobalSection
EndGlobal
